
Microsoft Visual Studio Solution File, Format Version 12.00
# Visual Studio 15
VisualStudioVersion = 15.0.28307.1062
MinimumVisualStudioVersion = 10.0.40219.1
Project("{9A19103F-16F7-4668-BE54-9A1E7A4F7556}") = "API", "API\API.csproj", "{088FAAEA-C99B-484A-9BB6-A682802F3277}"
EndProject
Project("{2150E333-8FDC-42A3-9474-1A3956D46DE8}") = "Milleware", "Milleware", "{80CC7292-D7FF-41D2-B835-1906E216221E}"
EndProject
Project("{9A19103F-16F7-4668-BE54-9A1E7A4F7556}") = "WebSocketMagger", "WebSocketMagger\WebSocketMagger.csproj", "{22147FE2-BFA8-4A78-BE0F-71B7662B0645}"
EndProject
Project("{9A19103F-16F7-4668-BE54-9A1E7A4F7556}") = "EntityFramework.Core", "EntityFramework.Core\EntityFramework.Core.csproj", "{B5C72516-FFEF-4AC0-BBD2-F4242813D950}"
EndProject
Project("{9A19103F-16F7-4668-BE54-9A1E7A4F7556}") = "MysqlEntity.Core", "MysqlEntity.Core\MysqlEntity.Core.csproj", "{E9F9685F-9061-4E33-9A42-7D3EBB024F28}"
EndProject
Project("{9A19103F-16F7-4668-BE54-9A1E7A4F7556}") = "Library", "Library\Library.csproj", "{ED097B64-4F5A-4EF2-9E94-E00F6BE4657E}"
EndProject
Project("{9A19103F-16F7-4668-BE54-9A1E7A4F7556}") = "Interface", "Interface\Interface.csproj", "{7A3529ED-7795-4ACB-983B-BD6C27F448DD}"
EndProject
Project("{9A19103F-16F7-4668-BE54-9A1E7A4F7556}") = "DBServer", "DBServer\DBServer.csproj", "{E61D8DD1-BD18-41C0-8DDE-DE495960BBA1}"
EndProject
Project("{9A19103F-16F7-4668-BE54-9A1E7A4F7556}") = "Reflection", "Reflection\Reflection.csproj", "{2C53AF5D-794A-4376-9262-2A305006B452}"
EndProject
Project("{9A19103F-16F7-4668-BE54-9A1E7A4F7556}") = "Test", "Test\Test.csproj", "{759162E6-A9CF-42F8-A076-05408E54407D}"
EndProject
Project("{9A19103F-16F7-4668-BE54-9A1E7A4F7556}") = "ExceptionMiddleware", "ExceptionMiddleware\ExceptionMiddleware.csproj", "{E4125EBC-A069-40DD-B38D-67931B533A73}"
EndProject
Project("{9A19103F-16F7-4668-BE54-9A1E7A4F7556}") = "JWTMiddleware", "JWTMiddleware\JWTMiddleware.csproj", "{1B71821A-19BA-4DC8-A3EE-EF2B8DEF08CA}"
EndProject
Project("{9A19103F-16F7-4668-BE54-9A1E7A4F7556}") = "Cache", "Cache\Cache.csproj", "{F91A4DC7-0953-4D30-8E8F-F78DEA7056AB}"
EndProject
Project("{9A19103F-16F7-4668-BE54-9A1E7A4F7556}") = "MongoDB", "MongoDB\MongoDB.csproj", "{BCCAFA4F-D1A6-40DD-A006-303861B464AF}"
EndProject
Project("{9A19103F-16F7-4668-BE54-9A1E7A4F7556}") = "AutoFacAop", "AutoFacAop\AutoFacAop.csproj", "{1269B57F-7458-4D1F-8F01-7E9304CB2155}"
EndProject
Project("{2150E333-8FDC-42A3-9474-1A3956D46DE8}") = "Repository", "Repository", "{671FE61C-CCBD-4308-9C4E-7C8777B06D22}"
EndProject
Project("{9A19103F-16F7-4668-BE54-9A1E7A4F7556}") = "BaseServer", "BaseBill\BaseServer.csproj", "{065AF81A-A35A-4939-80A2-B220BC0D14F5}"
EndProject
Project("{9A19103F-16F7-4668-BE54-9A1E7A4F7556}") = "Model", "Model\Model.csproj", "{E5FC2E84-E966-4B27-AEB5-42D6269B79FC}"
EndProject
Project("{9A19103F-16F7-4668-BE54-9A1E7A4F7556}") = "AttributeArray", "Attribute\AttributeArray.csproj", "{A3EB94EF-EE79-462A-B9A4-AA5C01D919CC}"
EndProject
Project("{2150E333-8FDC-42A3-9474-1A3956D46DE8}") = "IdentityServer", "IdentityServer", "{ABF45899-32BA-4453-B748-EAB1CC459B41}"
EndProject
Project("{FAE04EC0-301F-11D3-BF4B-00C04F79EFBC}") = "IdentityConfig", "IdentityConfig\IdentityConfig.csproj", "{5B0C0FCE-BEED-4AC8-9CDC-CE48362E6C06}"
EndProject
Global
	GlobalSection(SolutionConfigurationPlatforms) = preSolution
		Debug|Any CPU = Debug|Any CPU
		Release|Any CPU = Release|Any CPU
	EndGlobalSection
	GlobalSection(ProjectConfigurationPlatforms) = postSolution
		{088FAAEA-C99B-484A-9BB6-A682802F3277}.Debug|Any CPU.ActiveCfg = Debug|Any CPU
		{088FAAEA-C99B-484A-9BB6-A682802F3277}.Debug|Any CPU.Build.0 = Debug|Any CPU
		{088FAAEA-C99B-484A-9BB6-A682802F3277}.Release|Any CPU.ActiveCfg = Release|Any CPU
		{088FAAEA-C99B-484A-9BB6-A682802F3277}.Release|Any CPU.Build.0 = Release|Any CPU
		{22147FE2-BFA8-4A78-BE0F-71B7662B0645}.Debug|Any CPU.ActiveCfg = Debug|Any CPU
		{22147FE2-BFA8-4A78-BE0F-71B7662B0645}.Debug|Any CPU.Build.0 = Debug|Any CPU
		{22147FE2-BFA8-4A78-BE0F-71B7662B0645}.Release|Any CPU.ActiveCfg = Release|Any CPU
		{22147FE2-BFA8-4A78-BE0F-71B7662B0645}.Release|Any CPU.Build.0 = Release|Any CPU
		{B5C72516-FFEF-4AC0-BBD2-F4242813D950}.Debug|Any CPU.ActiveCfg = Debug|Any CPU
		{B5C72516-FFEF-4AC0-BBD2-F4242813D950}.Debug|Any CPU.Build.0 = Debug|Any CPU
		{B5C72516-FFEF-4AC0-BBD2-F4242813D950}.Release|Any CPU.ActiveCfg = Release|Any CPU
		{B5C72516-FFEF-4AC0-BBD2-F4242813D950}.Release|Any CPU.Build.0 = Release|Any CPU
		{E9F9685F-9061-4E33-9A42-7D3EBB024F28}.Debug|Any CPU.ActiveCfg = Debug|Any CPU
		{E9F9685F-9061-4E33-9A42-7D3EBB024F28}.Debug|Any CPU.Build.0 = Debug|Any CPU
		{E9F9685F-9061-4E33-9A42-7D3EBB024F28}.Release|Any CPU.ActiveCfg = Release|Any CPU
		{E9F9685F-9061-4E33-9A42-7D3EBB024F28}.Release|Any CPU.Build.0 = Release|Any CPU
		{ED097B64-4F5A-4EF2-9E94-E00F6BE4657E}.Debug|Any CPU.ActiveCfg = Debug|Any CPU
		{ED097B64-4F5A-4EF2-9E94-E00F6BE4657E}.Debug|Any CPU.Build.0 = Debug|Any CPU
		{ED097B64-4F5A-4EF2-9E94-E00F6BE4657E}.Release|Any CPU.ActiveCfg = Release|Any CPU
		{ED097B64-4F5A-4EF2-9E94-E00F6BE4657E}.Release|Any CPU.Build.0 = Release|Any CPU
		{7A3529ED-7795-4ACB-983B-BD6C27F448DD}.Debug|Any CPU.ActiveCfg = Debug|Any CPU
		{7A3529ED-7795-4ACB-983B-BD6C27F448DD}.Debug|Any CPU.Build.0 = Debug|Any CPU
		{7A3529ED-7795-4ACB-983B-BD6C27F448DD}.Release|Any CPU.ActiveCfg = Release|Any CPU
		{7A3529ED-7795-4ACB-983B-BD6C27F448DD}.Release|Any CPU.Build.0 = Release|Any CPU
		{E61D8DD1-BD18-41C0-8DDE-DE495960BBA1}.Debug|Any CPU.ActiveCfg = Debug|Any CPU
		{E61D8DD1-BD18-41C0-8DDE-DE495960BBA1}.Debug|Any CPU.Build.0 = Debug|Any CPU
		{E61D8DD1-BD18-41C0-8DDE-DE495960BBA1}.Release|Any CPU.ActiveCfg = Release|Any CPU
		{E61D8DD1-BD18-41C0-8DDE-DE495960BBA1}.Release|Any CPU.Build.0 = Release|Any CPU
		{2C53AF5D-794A-4376-9262-2A305006B452}.Debug|Any CPU.ActiveCfg = Debug|Any CPU
		{2C53AF5D-794A-4376-9262-2A305006B452}.Debug|Any CPU.Build.0 = Debug|Any CPU
		{2C53AF5D-794A-4376-9262-2A305006B452}.Release|Any CPU.ActiveCfg = Release|Any CPU
		{2C53AF5D-794A-4376-9262-2A305006B452}.Release|Any CPU.Build.0 = Release|Any CPU
		{759162E6-A9CF-42F8-A076-05408E54407D}.Debug|Any CPU.ActiveCfg = Debug|Any CPU
		{759162E6-A9CF-42F8-A076-05408E54407D}.Debug|Any CPU.Build.0 = Debug|Any CPU
		{759162E6-A9CF-42F8-A076-05408E54407D}.Release|Any CPU.ActiveCfg = Release|Any CPU
		{759162E6-A9CF-42F8-A076-05408E54407D}.Release|Any CPU.Build.0 = Release|Any CPU
		{E4125EBC-A069-40DD-B38D-67931B533A73}.Debug|Any CPU.ActiveCfg = Debug|Any CPU
		{E4125EBC-A069-40DD-B38D-67931B533A73}.Debug|Any CPU.Build.0 = Debug|Any CPU
		{E4125EBC-A069-40DD-B38D-67931B533A73}.Release|Any CPU.ActiveCfg = Release|Any CPU
		{E4125EBC-A069-40DD-B38D-67931B533A73}.Release|Any CPU.Build.0 = Release|Any CPU
		{1B71821A-19BA-4DC8-A3EE-EF2B8DEF08CA}.Debug|Any CPU.ActiveCfg = Debug|Any CPU
		{1B71821A-19BA-4DC8-A3EE-EF2B8DEF08CA}.Debug|Any CPU.Build.0 = Debug|Any CPU
		{1B71821A-19BA-4DC8-A3EE-EF2B8DEF08CA}.Release|Any CPU.ActiveCfg = Release|Any CPU
		{1B71821A-19BA-4DC8-A3EE-EF2B8DEF08CA}.Release|Any CPU.Build.0 = Release|Any CPU
		{F91A4DC7-0953-4D30-8E8F-F78DEA7056AB}.Debug|Any CPU.ActiveCfg = Debug|Any CPU
		{F91A4DC7-0953-4D30-8E8F-F78DEA7056AB}.Debug|Any CPU.Build.0 = Debug|Any CPU
		{F91A4DC7-0953-4D30-8E8F-F78DEA7056AB}.Release|Any CPU.ActiveCfg = Release|Any CPU
		{F91A4DC7-0953-4D30-8E8F-F78DEA7056AB}.Release|Any CPU.Build.0 = Release|Any CPU
		{BCCAFA4F-D1A6-40DD-A006-303861B464AF}.Debug|Any CPU.ActiveCfg = Debug|Any CPU
		{BCCAFA4F-D1A6-40DD-A006-303861B464AF}.Debug|Any CPU.Build.0 = Debug|Any CPU
		{BCCAFA4F-D1A6-40DD-A006-303861B464AF}.Release|Any CPU.ActiveCfg = Release|Any CPU
		{BCCAFA4F-D1A6-40DD-A006-303861B464AF}.Release|Any CPU.Build.0 = Release|Any CPU
		{1269B57F-7458-4D1F-8F01-7E9304CB2155}.Debug|Any CPU.ActiveCfg = Debug|Any CPU
		{1269B57F-7458-4D1F-8F01-7E9304CB2155}.Debug|Any CPU.Build.0 = Debug|Any CPU
		{1269B57F-7458-4D1F-8F01-7E9304CB2155}.Release|Any CPU.ActiveCfg = Release|Any CPU
		{1269B57F-7458-4D1F-8F01-7E9304CB2155}.Release|Any CPU.Build.0 = Release|Any CPU
		{065AF81A-A35A-4939-80A2-B220BC0D14F5}.Debug|Any CPU.ActiveCfg = Debug|Any CPU
		{065AF81A-A35A-4939-80A2-B220BC0D14F5}.Debug|Any CPU.Build.0 = Debug|Any CPU
		{065AF81A-A35A-4939-80A2-B220BC0D14F5}.Release|Any CPU.ActiveCfg = Release|Any CPU
		{065AF81A-A35A-4939-80A2-B220BC0D14F5}.Release|Any CPU.Build.0 = Release|Any CPU
		{E5FC2E84-E966-4B27-AEB5-42D6269B79FC}.Debug|Any CPU.ActiveCfg = Debug|Any CPU
		{E5FC2E84-E966-4B27-AEB5-42D6269B79FC}.Debug|Any CPU.Build.0 = Debug|Any CPU
		{E5FC2E84-E966-4B27-AEB5-42D6269B79FC}.Release|Any CPU.ActiveCfg = Release|Any CPU
		{E5FC2E84-E966-4B27-AEB5-42D6269B79FC}.Release|Any CPU.Build.0 = Release|Any CPU
		{A3EB94EF-EE79-462A-B9A4-AA5C01D919CC}.Debug|Any CPU.ActiveCfg = Debug|Any CPU
		{A3EB94EF-EE79-462A-B9A4-AA5C01D919CC}.Debug|Any CPU.Build.0 = Debug|Any CPU
		{A3EB94EF-EE79-462A-B9A4-AA5C01D919CC}.Release|Any CPU.ActiveCfg = Release|Any CPU
		{A3EB94EF-EE79-462A-B9A4-AA5C01D919CC}.Release|Any CPU.Build.0 = Release|Any CPU
		{5B0C0FCE-BEED-4AC8-9CDC-CE48362E6C06}.Debug|Any CPU.ActiveCfg = Debug|Any CPU
		{5B0C0FCE-BEED-4AC8-9CDC-CE48362E6C06}.Debug|Any CPU.Build.0 = Debug|Any CPU
		{5B0C0FCE-BEED-4AC8-9CDC-CE48362E6C06}.Release|Any CPU.ActiveCfg = Release|Any CPU
		{5B0C0FCE-BEED-4AC8-9CDC-CE48362E6C06}.Release|Any CPU.Build.0 = Release|Any CPU
	EndGlobalSection
	GlobalSection(SolutionProperties) = preSolution
		HideSolutionNode = FALSE
	EndGlobalSection
	GlobalSection(NestedProjects) = preSolution
		{22147FE2-BFA8-4A78-BE0F-71B7662B0645} = {80CC7292-D7FF-41D2-B835-1906E216221E}
		{B5C72516-FFEF-4AC0-BBD2-F4242813D950} = {80CC7292-D7FF-41D2-B835-1906E216221E}
		{E9F9685F-9061-4E33-9A42-7D3EBB024F28} = {80CC7292-D7FF-41D2-B835-1906E216221E}
		{ED097B64-4F5A-4EF2-9E94-E00F6BE4657E} = {80CC7292-D7FF-41D2-B835-1906E216221E}
		{7A3529ED-7795-4ACB-983B-BD6C27F448DD} = {80CC7292-D7FF-41D2-B835-1906E216221E}
		{E61D8DD1-BD18-41C0-8DDE-DE495960BBA1} = {80CC7292-D7FF-41D2-B835-1906E216221E}
		{2C53AF5D-794A-4376-9262-2A305006B452} = {80CC7292-D7FF-41D2-B835-1906E216221E}
		{E4125EBC-A069-40DD-B38D-67931B533A73} = {80CC7292-D7FF-41D2-B835-1906E216221E}
		{1B71821A-19BA-4DC8-A3EE-EF2B8DEF08CA} = {80CC7292-D7FF-41D2-B835-1906E216221E}
		{F91A4DC7-0953-4D30-8E8F-F78DEA7056AB} = {80CC7292-D7FF-41D2-B835-1906E216221E}
		{BCCAFA4F-D1A6-40DD-A006-303861B464AF} = {80CC7292-D7FF-41D2-B835-1906E216221E}
		{1269B57F-7458-4D1F-8F01-7E9304CB2155} = {80CC7292-D7FF-41D2-B835-1906E216221E}
		{065AF81A-A35A-4939-80A2-B220BC0D14F5} = {671FE61C-CCBD-4308-9C4E-7C8777B06D22}
		{E5FC2E84-E966-4B27-AEB5-42D6269B79FC} = {671FE61C-CCBD-4308-9C4E-7C8777B06D22}
		{A3EB94EF-EE79-462A-B9A4-AA5C01D919CC} = {80CC7292-D7FF-41D2-B835-1906E216221E}
		{5B0C0FCE-BEED-4AC8-9CDC-CE48362E6C06} = {ABF45899-32BA-4453-B748-EAB1CC459B41}
	EndGlobalSection
	GlobalSection(ExtensibilityGlobals) = postSolution
		SolutionGuid = {45EF63CD-DFD3-44A8-A5FA-99F00430C2B1}
	EndGlobalSection
EndGlobal
